
Microsoft Visual Studio Solution File, Format Version 12.00
# Visual Studio Version 17
VisualStudioVersion = 17.0.31611.283
MinimumVisualStudioVersion = 10.0.40219.1
Project("{9A19103F-16F7-4668-BE54-9A1E7A4F7556}") = "game", "game\game.csproj", "{D7C3DFED-572D-49A8-8E9D-FA1A0C371754}"
EndProject
Project("{9A19103F-16F7-4668-BE54-9A1E7A4F7556}") = "TCPServer", "..\..\GameGlowHockey6-0\GameGlowHockey\Glow_Hockey\TCPServer\TCPServer.csproj", "{33084FFC-903F-4063-857B-BE426E7CF5E6}"
EndProject
Project("{9A19103F-16F7-4668-BE54-9A1E7A4F7556}") = "XProtocol", "..\..\GameGlowHockey6-0\GameGlowHockey\Glow_Hockey\XProtocol\XProtocol.csproj", "{22EC40CD-C855-47BE-A6FC-3F33C4C42D73}"
EndProject
Global
	GlobalSection(SolutionConfigurationPlatforms) = preSolution
		Debug|Any CPU = Debug|Any CPU
		Release|Any CPU = Release|Any CPU
	EndGlobalSection
	GlobalSection(ProjectConfigurationPlatforms) = postSolution
		{D7C3DFED-572D-49A8-8E9D-FA1A0C371754}.Debug|Any CPU.ActiveCfg = Debug|Any CPU
		{D7C3DFED-572D-49A8-8E9D-FA1A0C371754}.Debug|Any CPU.Build.0 = Debug|Any CPU
		{D7C3DFED-572D-49A8-8E9D-FA1A0C371754}.Debug|Any CPU.Deploy.0 = Debug|Any CPU
		{D7C3DFED-572D-49A8-8E9D-FA1A0C371754}.Release|Any CPU.ActiveCfg = Release|Any CPU
		{D7C3DFED-572D-49A8-8E9D-FA1A0C371754}.Release|Any CPU.Build.0 = Release|Any CPU
		{D7C3DFED-572D-49A8-8E9D-FA1A0C371754}.Release|Any CPU.Deploy.0 = Release|Any CPU
		{33084FFC-903F-4063-857B-BE426E7CF5E6}.Debug|Any CPU.ActiveCfg = Debug|Any CPU
		{33084FFC-903F-4063-857B-BE426E7CF5E6}.Debug|Any CPU.Build.0 = Debug|Any CPU
		{33084FFC-903F-4063-857B-BE426E7CF5E6}.Release|Any CPU.ActiveCfg = Release|Any CPU
		{33084FFC-903F-4063-857B-BE426E7CF5E6}.Release|Any CPU.Build.0 = Release|Any CPU
		{22EC40CD-C855-47BE-A6FC-3F33C4C42D73}.Debug|Any CPU.ActiveCfg = Debug|Any CPU
		{22EC40CD-C855-47BE-A6FC-3F33C4C42D73}.Debug|Any CPU.Build.0 = Debug|Any CPU
		{22EC40CD-C855-47BE-A6FC-3F33C4C42D73}.Release|Any CPU.ActiveCfg = Release|Any CPU
		{22EC40CD-C855-47BE-A6FC-3F33C4C42D73}.Release|Any CPU.Build.0 = Release|Any CPU
	EndGlobalSection
	GlobalSection(SolutionProperties) = preSolution
		HideSolutionNode = FALSE
	EndGlobalSection
	GlobalSection(ExtensibilityGlobals) = postSolution
		SolutionGuid = {61F7FB11-1E47-470C-91E2-47F8143E1572}
	EndGlobalSection
EndGlobal
