
Microsoft Visual Studio Solution File, Format Version 12.00
Project("{FAE04EC0-301F-11D3-BF4B-00C04F79EFBC}") = "ORIS_2023_03_04", "ORIS_2023_03_04\ORIS_2023_03_04.csproj", "{C9F4B3FD-410D-4935-8CB4-B5E028C29259}"
EndProject
Global
	GlobalSection(SolutionConfigurationPlatforms) = preSolution
		Debug|Any CPU = Debug|Any CPU
		Release|Any CPU = Release|Any CPU
	EndGlobalSection
	GlobalSection(ProjectConfigurationPlatforms) = postSolution
		{C9F4B3FD-410D-4935-8CB4-B5E028C29259}.Debug|Any CPU.ActiveCfg = Debug|Any CPU
		{C9F4B3FD-410D-4935-8CB4-B5E028C29259}.Debug|Any CPU.Build.0 = Debug|Any CPU
		{C9F4B3FD-410D-4935-8CB4-B5E028C29259}.Release|Any CPU.ActiveCfg = Release|Any CPU
		{C9F4B3FD-410D-4935-8CB4-B5E028C29259}.Release|Any CPU.Build.0 = Release|Any CPU
	EndGlobalSection
EndGlobal
